{
  "version": 4,
  "terraform_version": "1.14.4",
  "serial": 1,
  "lineage": "4f62e7bc-aec1-3cbf-b381-958cd74fdbab",
  "outputs": {},
  "resources": [
    {
      "mode": "managed",
      "type": "auth0_client",
      "name": "test_app",
      "provider": "provider[\"registry.terraform.io/auth0/auth0\"]",
      "instances": [
        {
          "schema_version": 0,
          "attributes": {
            "addons": [],
            "allowed_clients": null,
            "allowed_logout_urls": null,
            "allowed_origins": null,
            "app_type": "regular_web",
            "async_approval_notification_channels": [],
            "callbacks": [],
            "client_aliases": null,
            "client_id": "OVmejSTcQg79CQzVJ0QqDGw5AMjlkxNd",
            "client_metadata": null,
            "compliance_level": "",
            "cross_origin_auth": false,
            "cross_origin_loc": "",
            "custom_login_page": "",
            "custom_login_page_on": true,
            "default_organization": [
              {
                "disable": true,
                "flows": [],
                "organization_id": ""
              }
            ],
            "description": "",
            "encryption_key": null,
            "express_configuration": [],
            "form_template": "",
            "grant_types": [
              "authorization_code",
              "implicit",
              "refresh_token",
              "client_credentials"
            ],
            "id": "OVmejSTcQg79CQzVJ0QqDGw5AMjlkxNd",
            "initiate_login_uri": "",
            "is_first_party": true,
            "is_token_endpoint_ip_header_trusted": false,
            "jwt_configuration": [
              {
                "alg": "",
                "lifetime_in_seconds": 36000,
                "scopes": {},
                "secret_encoded": false
              }
            ],
            "logo_uri": "",
            "mobile": [],
            "name": "terraform-test-app",
            "native_social_login": [],
            "oidc_backchannel_logout_urls": [],
            "oidc_conformant": false,
            "oidc_logout": [],
            "organization_discovery_methods": null,
            "organization_require_behavior": "",
            "organization_usage": "",
            "refresh_token": [
              {
                "expiration_type": "non-expiring",
                "idle_token_lifetime": 2592000,
                "infinite_idle_token_lifetime": true,
                "infinite_token_lifetime": true,
                "leeway": 0,
                "policies": [],
                "rotation_type": "non-rotating",
                "token_lifetime": 31557600
              }
            ],
            "require_proof_of_possession": false,
            "require_pushed_authorization_requests": false,
            "resource_server_identifier": "",
            "session_transfer": [],
            "signing_keys": [
              {
                "cert": "-----BEGIN CERTIFICATE-----\r\nMIIDEzCCAfugAwIBAgIJaM3E3tUpI4BlMA0GCSqGSIb3DQEBCwUAMCcxJTAjBgNV\r\nBAMTHGZhcm1jcmVkaXQtZGV2MS51cy5hdXRoMC5jb20wHhcNMjUwMTI3MTQwODM3\r\nWhcNMzgxMDA2MTQwODM3WjAnMSUwIwYDVQQDExxmYXJtY3JlZGl0LWRldjEudXMu\r\nYXV0aDAuY29tMIIBIjANBgkqhkiG9w0BAQEFAAOCAQ8AMIIBCgKCAQEAvtscz2Nx\r\nSUVWSdhHeFjbb9CDgGOkV2w+nD/5fzrJhGYs5QhXhHa9TMfojQ7o+4GACGTRMsxZ\r\nR1btYXo4kGk0lfagvFA2KHrdzfQCnBJv+HOhrVqHHeUbS8WrExlA0cJbHhA/J4AJ\r\nd5nvVojRCy/d23cwsZrT6oNFGJ0agPmtSbVVGCPqzqTwaT+Gbr48HwnJm6CBPjSE\r\nu1LsukihkqbZQNrgTDvSJD1M9oQcY/6PTQrmrmWdFwHtB1itK225ZiShJ4u3Rf59\r\nXwISGT8Wo4IGQdQOfyjZ1N8crdn25nu+6/1vKTnClc32mfXiujxSbNXizYTCCzig\r\nT2l8+lbOmOFWtwIDAQABo0IwQDAPBgNVHRMBAf8EBTADAQH/MB0GA1UdDgQWBBRN\r\nGGR43rG2lJ6ey12lW/NiMu4CTTAOBgNVHQ8BAf8EBAMCAoQwDQYJKoZIhvcNAQEL\r\nBQADggEBAJE6E9tRThznOCIJuMxE3R14wpYp4LNC+l3Ra+LvWKy0y4d9I7/vpU8F\r\n0VV2G1t7O2qxtEOsR4W/HeF6cnd6Agg4CYTGgfibEgis14v5C/2QND8PTJ9q5lKT\r\nZ8+3Q9zexVrlElXbhvTvfqqXKgfSqirY/91Zctyuo1WPMKUaFsRffO/lnKv3gpoc\r\nKl0URAPW8KnBpJF8WJCw+VRHBCWSUKj4Y7gxa5r9Zf6sgM1lzZODa9bJOo4JKd1/\r\n004fOArDMNqgWBg9TdEpkQC/VuYBpUBjA/hHAqMR6UCa8pAJqjBKQFUEaYSDQN/u\r\nG+tZWDgTiYk+jEpsfH+MGGIRfj8lspY=\r\n-----END CERTIFICATE-----",
                "pkcs7": "-----BEGIN PKCS7-----\r\nMIIDQgYJKoZIhvcNAQcCoIIDMzCCAy8CAQExADALBgkqhkiG9w0BBwGgggMXMIID\r\nEzCCAfugAwIBAgIJaM3E3tUpI4BlMA0GCSqGSIb3DQEBCwUAMCcxJTAjBgNVBAMT\r\nHGZhcm1jcmVkaXQtZGV2MS51cy5hdXRoMC5jb20wHhcNMjUwMTI3MTQwODM3WhcN\r\nMzgxMDA2MTQwODM3WjAnMSUwIwYDVQQDExxmYXJtY3JlZGl0LWRldjEudXMuYXV0\r\naDAuY29tMIIBIjANBgkqhkiG9w0BAQEFAAOCAQ8AMIIBCgKCAQEAvtscz2NxSUVW\r\nSdhHeFjbb9CDgGOkV2w+nD/5fzrJhGYs5QhXhHa9TMfojQ7o+4GACGTRMsxZR1bt\r\nYXo4kGk0lfagvFA2KHrdzfQCnBJv+HOhrVqHHeUbS8WrExlA0cJbHhA/J4AJd5nv\r\nVojRCy/d23cwsZrT6oNFGJ0agPmtSbVVGCPqzqTwaT+Gbr48HwnJm6CBPjSEu1Ls\r\nukihkqbZQNrgTDvSJD1M9oQcY/6PTQrmrmWdFwHtB1itK225ZiShJ4u3Rf59XwIS\r\nGT8Wo4IGQdQOfyjZ1N8crdn25nu+6/1vKTnClc32mfXiujxSbNXizYTCCzigT2l8\r\n+lbOmOFWtwIDAQABo0IwQDAPBgNVHRMBAf8EBTADAQH/MB0GA1UdDgQWBBRNGGR4\r\n3rG2lJ6ey12lW/NiMu4CTTAOBgNVHQ8BAf8EBAMCAoQwDQYJKoZIhvcNAQELBQAD\r\nggEBAJE6E9tRThznOCIJuMxE3R14wpYp4LNC+l3Ra+LvWKy0y4d9I7/vpU8F0VV2\r\nG1t7O2qxtEOsR4W/HeF6cnd6Agg4CYTGgfibEgis14v5C/2QND8PTJ9q5lKTZ8+3\r\nQ9zexVrlElXbhvTvfqqXKgfSqirY/91Zctyuo1WPMKUaFsRffO/lnKv3gpocKl0U\r\nRAPW8KnBpJF8WJCw+VRHBCWSUKj4Y7gxa5r9Zf6sgM1lzZODa9bJOo4JKd1/004f\r\nOArDMNqgWBg9TdEpkQC/VuYBpUBjA/hHAqMR6UCa8pAJqjBKQFUEaYSDQN/uG+tZ\r\nWDgTiYk+jEpsfH+MGGIRfj8lspYxAA==\r\n-----END PKCS7-----\r\n",
                "subject": "deprecated"
              }
            ],
            "skip_non_verifiable_callback_uri_confirmation_prompt": "null",
            "sso": false,
            "sso_disabled": false,
            "token_exchange": [],
            "token_quota": [],
            "web_origins": null
          },
          "sensitive_attributes": [
            [
              {
                "type": "get_attr",
                "value": "signing_keys"
              }
            ]
          ],
          "identity_schema_version": 0,
          "private": "bnVsbA=="
        }
      ]
    }
  ],
  "check_results": null
}
